// !$*UTF8*$!
{
	archiveVersion = 1;
	classes = {
	};
	objectVersion = 55;
	objects = {

/* Begin PBXBuildFile section */
		101CFAC7278F3E0E000EAB0A /* AccountSummaryViewController.swift in Sources */ = {isa = PBXBuildFile; fileRef = 101CFAC6278F3E0E000EAB0A /* AccountSummaryViewController.swift */; };
		101CFAC9278F43D3000EAB0A /* AccountSummaryHeaderView.swift in Sources */ = {isa = PBXBuildFile; fileRef = 101CFAC8278F43D3000EAB0A /* AccountSummaryHeaderView.swift */; };
		101CFACB278F4405000EAB0A /* AccountSummaryHeaderView.xib in Resources */ = {isa = PBXBuildFile; fileRef = 101CFACA278F4405000EAB0A /* AccountSummaryHeaderView.xib */; };
		1025A8152788AE7C0012F507 /* OnboardingContainerViewController.swift in Sources */ = {isa = PBXBuildFile; fileRef = 1025A8142788AE7C0012F507 /* OnboardingContainerViewController.swift */; };
		1025A8172788BFE80012F507 /* OnboardingViewController.swift in Sources */ = {isa = PBXBuildFile; fileRef = 1025A8162788BFE80012F507 /* OnboardingViewController.swift */; };
		102740A3278E093E003A16B6 /* UIViewController+Utils.swift in Sources */ = {isa = PBXBuildFile; fileRef = 102740A2278E093E003A16B6 /* UIViewController+Utils.swift */; };
		102740A5278E0C01003A16B6 /* MainViewController.swift in Sources */ = {isa = PBXBuildFile; fileRef = 102740A4278E0C01003A16B6 /* MainViewController.swift */; };
		1042654D278A0D9F00C29ADB /* DummyViewController.swift in Sources */ = {isa = PBXBuildFile; fileRef = 1042654C278A0D9F00C29ADB /* DummyViewController.swift */; };
		10426550278A15CE00C29ADB /* LocalState.swift in Sources */ = {isa = PBXBuildFile; fileRef = 1042654F278A15CE00C29ADB /* LocalState.swift */; };
		1052DDE92784BD050030D971 /* AppDelegate.swift in Sources */ = {isa = PBXBuildFile; fileRef = 1052DDE82784BD050030D971 /* AppDelegate.swift */; };
		1052DDED2784BD050030D971 /* LoginViewController.swift in Sources */ = {isa = PBXBuildFile; fileRef = 1052DDEC2784BD050030D971 /* LoginViewController.swift */; };
		1052DDF22784BD060030D971 /* Assets.xcassets in Resources */ = {isa = PBXBuildFile; fileRef = 1052DDF12784BD060030D971 /* Assets.xcassets */; };
		1052DDF52784BD060030D971 /* LaunchScreen.storyboard in Resources */ = {isa = PBXBuildFile; fileRef = 1052DDF32784BD060030D971 /* LaunchScreen.storyboard */; };
		1052DDFD2784BD1E0030D971 /* .gitignore in Resources */ = {isa = PBXBuildFile; fileRef = 1052DDFC2784BD1E0030D971 /* .gitignore */; };
		1052DDFF2784BD4B0030D971 /* ReadMe in Resources */ = {isa = PBXBuildFile; fileRef = 1052DDFE2784BD4B0030D971 /* ReadMe */; };
		1052DE032784C1650030D971 /* LoginView.swift in Sources */ = {isa = PBXBuildFile; fileRef = 1052DE022784C1650030D971 /* LoginView.swift */; };
		109FF533278F58F100DE32DE /* AccountSummaryCell.swift in Sources */ = {isa = PBXBuildFile; fileRef = 109FF532278F58F100DE32DE /* AccountSummaryCell.swift */; };
		10BD2C862791E0150079BEFE /* AccontSummaryCellViewModel.swift in Sources */ = {isa = PBXBuildFile; fileRef = 10BD2C852791E0150079BEFE /* AccontSummaryCellViewModel.swift */; };
		10BD2C882791E9090079BEFE /* Decimal+Utils.swift in Sources */ = {isa = PBXBuildFile; fileRef = 10BD2C872791E9090079BEFE /* Decimal+Utils.swift */; };
		10BD2C8A2791E9B30079BEFE /* CurrencyFormatter.swift in Sources */ = {isa = PBXBuildFile; fileRef = 10BD2C892791E9B30079BEFE /* CurrencyFormatter.swift */; };
		10BD2C99279206DB0079BEFE /* CurrencyFormatterTests.swift in Sources */ = {isa = PBXBuildFile; fileRef = 10BD2C98279206DB0079BEFE /* CurrencyFormatterTests.swift */; };
		10DA24E42795A319001BD38D /* NSNotificationName.swift in Sources */ = {isa = PBXBuildFile; fileRef = 10DA24E32795A319001BD38D /* NSNotificationName.swift */; };
		10DA24E62795AABF001BD38D /* UITextField+SecureToggle.swift in Sources */ = {isa = PBXBuildFile; fileRef = 10DA24E52795AABF001BD38D /* UITextField+SecureToggle.swift */; };
/* End PBXBuildFile section */

/* Begin PBXContainerItemProxy section */
		10BD2C93279205B70079BEFE /* PBXContainerItemProxy */ = {
			isa = PBXContainerItemProxy;
			containerPortal = 1052DDDD2784BD050030D971 /* Project object */;
			proxyType = 1;
			remoteGlobalIDString = 1052DDE42784BD050030D971;
			remoteInfo = BankeyApp;
		};
/* End PBXContainerItemProxy section */

/* Begin PBXFileReference section */
		101CFAC6278F3E0E000EAB0A /* AccountSummaryViewController.swift */ = {isa = PBXFileReference; lastKnownFileType = sourcecode.swift; path = AccountSummaryViewController.swift; sourceTree = "<group>"; };
		101CFAC8278F43D3000EAB0A /* AccountSummaryHeaderView.swift */ = {isa = PBXFileReference; lastKnownFileType = sourcecode.swift; path = AccountSummaryHeaderView.swift; sourceTree = "<group>"; };
		101CFACA278F4405000EAB0A /* AccountSummaryHeaderView.xib */ = {isa = PBXFileReference; lastKnownFileType = file.xib; path = AccountSummaryHeaderView.xib; sourceTree = "<group>"; };
		1025A8142788AE7C0012F507 /* OnboardingContainerViewController.swift */ = {isa = PBXFileReference; lastKnownFileType = sourcecode.swift; path = OnboardingContainerViewController.swift; sourceTree = "<group>"; };
		1025A8162788BFE80012F507 /* OnboardingViewController.swift */ = {isa = PBXFileReference; lastKnownFileType = sourcecode.swift; path = OnboardingViewController.swift; sourceTree = "<group>"; };
		102740A2278E093E003A16B6 /* UIViewController+Utils.swift */ = {isa = PBXFileReference; lastKnownFileType = sourcecode.swift; path = "UIViewController+Utils.swift"; sourceTree = "<group>"; };
		102740A4278E0C01003A16B6 /* MainViewController.swift */ = {isa = PBXFileReference; lastKnownFileType = sourcecode.swift; path = MainViewController.swift; sourceTree = "<group>"; };
		1042654C278A0D9F00C29ADB /* DummyViewController.swift */ = {isa = PBXFileReference; lastKnownFileType = sourcecode.swift; path = DummyViewController.swift; sourceTree = "<group>"; };
		1042654F278A15CE00C29ADB /* LocalState.swift */ = {isa = PBXFileReference; lastKnownFileType = sourcecode.swift; path = LocalState.swift; sourceTree = "<group>"; };
		1052DDE52784BD050030D971 /* BankeyApp.app */ = {isa = PBXFileReference; explicitFileType = wrapper.application; includeInIndex = 0; path = BankeyApp.app; sourceTree = BUILT_PRODUCTS_DIR; };
		1052DDE82784BD050030D971 /* AppDelegate.swift */ = {isa = PBXFileReference; lastKnownFileType = sourcecode.swift; path = AppDelegate.swift; sourceTree = "<group>"; };
		1052DDEC2784BD050030D971 /* LoginViewController.swift */ = {isa = PBXFileReference; lastKnownFileType = sourcecode.swift; path = LoginViewController.swift; sourceTree = "<group>"; };
		1052DDF12784BD060030D971 /* Assets.xcassets */ = {isa = PBXFileReference; lastKnownFileType = folder.assetcatalog; path = Assets.xcassets; sourceTree = "<group>"; };
		1052DDF42784BD060030D971 /* Base */ = {isa = PBXFileReference; lastKnownFileType = file.storyboard; name = Base; path = Base.lproj/LaunchScreen.storyboard; sourceTree = "<group>"; };
		1052DDF62784BD060030D971 /* Info.plist */ = {isa = PBXFileReference; lastKnownFileType = text.plist.xml; path = Info.plist; sourceTree = "<group>"; };
		1052DDFC2784BD1E0030D971 /* .gitignore */ = {isa = PBXFileReference; lastKnownFileType = text; path = .gitignore; sourceTree = "<group>"; };
		1052DDFE2784BD4B0030D971 /* ReadMe */ = {isa = PBXFileReference; lastKnownFileType = text; path = ReadMe; sourceTree = "<group>"; };
		1052DE022784C1650030D971 /* LoginView.swift */ = {isa = PBXFileReference; lastKnownFileType = sourcecode.swift; path = LoginView.swift; sourceTree = "<group>"; };
		109FF532278F58F100DE32DE /* AccountSummaryCell.swift */ = {isa = PBXFileReference; lastKnownFileType = sourcecode.swift; path = AccountSummaryCell.swift; sourceTree = "<group>"; };
		10BD2C852791E0150079BEFE /* AccontSummaryCellViewModel.swift */ = {isa = PBXFileReference; lastKnownFileType = sourcecode.swift; path = AccontSummaryCellViewModel.swift; sourceTree = "<group>"; };
		10BD2C872791E9090079BEFE /* Decimal+Utils.swift */ = {isa = PBXFileReference; lastKnownFileType = sourcecode.swift; path = "Decimal+Utils.swift"; sourceTree = "<group>"; };
		10BD2C892791E9B30079BEFE /* CurrencyFormatter.swift */ = {isa = PBXFileReference; lastKnownFileType = sourcecode.swift; path = CurrencyFormatter.swift; sourceTree = "<group>"; };
		10BD2C8F279205B70079BEFE /* BankeyAppUnitTests.xctest */ = {isa = PBXFileReference; explicitFileType = wrapper.cfbundle; includeInIndex = 0; path = BankeyAppUnitTests.xctest; sourceTree = BUILT_PRODUCTS_DIR; };
		10BD2C98279206DB0079BEFE /* CurrencyFormatterTests.swift */ = {isa = PBXFileReference; lastKnownFileType = sourcecode.swift; path = CurrencyFormatterTests.swift; sourceTree = "<group>"; };
		10DA24E32795A319001BD38D /* NSNotificationName.swift */ = {isa = PBXFileReference; lastKnownFileType = sourcecode.swift; path = NSNotificationName.swift; sourceTree = "<group>"; };
		10DA24E52795AABF001BD38D /* UITextField+SecureToggle.swift */ = {isa = PBXFileReference; lastKnownFileType = sourcecode.swift; path = "UITextField+SecureToggle.swift"; sourceTree = "<group>"; };
/* End PBXFileReference section */

/* Begin PBXFrameworksBuildPhase section */
		1052DDE22784BD050030D971 /* Frameworks */ = {
			isa = PBXFrameworksBuildPhase;
			buildActionMask = 2147483647;
			files = (
			);
			runOnlyForDeploymentPostprocessing = 0;
		};
		10BD2C8C279205B70079BEFE /* Frameworks */ = {
			isa = PBXFrameworksBuildPhase;
			buildActionMask = 2147483647;
			files = (
			);
			runOnlyForDeploymentPostprocessing = 0;
		};
/* End PBXFrameworksBuildPhase section */

/* Begin PBXGroup section */
		101CFAC5278F3DE4000EAB0A /* AccountSummary */ = {
			isa = PBXGroup;
			children = (
				101CFAC6278F3E0E000EAB0A /* AccountSummaryViewController.swift */,
				109FF530278F586600DE32DE /* Header */,
				109FF531278F58A100DE32DE /* Cells */,
			);
			path = AccountSummary;
			sourceTree = "<group>";
		};
		1025A8132788AE030012F507 /* Onboarding */ = {
			isa = PBXGroup;
			children = (
				1025A8142788AE7C0012F507 /* OnboardingContainerViewController.swift */,
				1025A8162788BFE80012F507 /* OnboardingViewController.swift */,
			);
			path = Onboarding;
			sourceTree = "<group>";
		};
		1042654E278A15BE00C29ADB /* Utils */ = {
			isa = PBXGroup;
			children = (
				102740A2278E093E003A16B6 /* UIViewController+Utils.swift */,
				10BD2C872791E9090079BEFE /* Decimal+Utils.swift */,
				10DA24E52795AABF001BD38D /* UITextField+SecureToggle.swift */,
				1042654F278A15CE00C29ADB /* LocalState.swift */,
				10BD2C892791E9B30079BEFE /* CurrencyFormatter.swift */,
				10DA24E32795A319001BD38D /* NSNotificationName.swift */,
			);
			path = Utils;
			sourceTree = "<group>";
		};
		1052DDDC2784BD050030D971 = {
			isa = PBXGroup;
			children = (
				1052DDFE2784BD4B0030D971 /* ReadMe */,
				1052DDFC2784BD1E0030D971 /* .gitignore */,
				1052DDE72784BD050030D971 /* BankeyApp */,
				10BD2C90279205B70079BEFE /* BankeyAppUnitTests */,
				1052DDE62784BD050030D971 /* Products */,
			);
			sourceTree = "<group>";
		};
		1052DDE62784BD050030D971 /* Products */ = {
			isa = PBXGroup;
			children = (
				1052DDE52784BD050030D971 /* BankeyApp.app */,
				10BD2C8F279205B70079BEFE /* BankeyAppUnitTests.xctest */,
			);
			name = Products;
			sourceTree = "<group>";
		};
		1052DDE72784BD050030D971 /* BankeyApp */ = {
			isa = PBXGroup;
			children = (
				1052DDE82784BD050030D971 /* AppDelegate.swift */,
				102740A4278E0C01003A16B6 /* MainViewController.swift */,
				1052DE012784C1390030D971 /* Login */,
				1025A8132788AE030012F507 /* Onboarding */,
				101CFAC5278F3DE4000EAB0A /* AccountSummary */,
				1042654E278A15BE00C29ADB /* Utils */,
				1052DE002784C0FF0030D971 /* Files */,
			);
			path = BankeyApp;
			sourceTree = "<group>";
		};
		1052DE002784C0FF0030D971 /* Files */ = {
			isa = PBXGroup;
			children = (
				1052DDF12784BD060030D971 /* Assets.xcassets */,
				1052DDF32784BD060030D971 /* LaunchScreen.storyboard */,
				1052DDF62784BD060030D971 /* Info.plist */,
			);
			path = Files;
			sourceTree = "<group>";
		};
		1052DE012784C1390030D971 /* Login */ = {
			isa = PBXGroup;
			children = (
				1052DDEC2784BD050030D971 /* LoginViewController.swift */,
				1052DE022784C1650030D971 /* LoginView.swift */,
				1042654C278A0D9F00C29ADB /* DummyViewController.swift */,
			);
			path = Login;
			sourceTree = "<group>";
		};
		109FF530278F586600DE32DE /* Header */ = {
			isa = PBXGroup;
			children = (
				101CFAC8278F43D3000EAB0A /* AccountSummaryHeaderView.swift */,
				101CFACA278F4405000EAB0A /* AccountSummaryHeaderView.xib */,
			);
			path = Header;
			sourceTree = "<group>";
		};
		109FF531278F58A100DE32DE /* Cells */ = {
			isa = PBXGroup;
			children = (
				109FF532278F58F100DE32DE /* AccountSummaryCell.swift */,
				10BD2C852791E0150079BEFE /* AccontSummaryCellViewModel.swift */,
			);
			path = Cells;
			sourceTree = "<group>";
		};
		10BD2C90279205B70079BEFE /* BankeyAppUnitTests */ = {
			isa = PBXGroup;
			children = (
				10BD2C98279206DB0079BEFE /* CurrencyFormatterTests.swift */,
			);
			path = BankeyAppUnitTests;
			sourceTree = "<group>";
		};
/* End PBXGroup section */

/* Begin PBXNativeTarget section */
		1052DDE42784BD050030D971 /* BankeyApp */ = {
			isa = PBXNativeTarget;
			buildConfigurationList = 1052DDF92784BD060030D971 /* Build configuration list for PBXNativeTarget "BankeyApp" */;
			buildPhases = (
				1052DDE12784BD050030D971 /* Sources */,
				1052DDE22784BD050030D971 /* Frameworks */,
				1052DDE32784BD050030D971 /* Resources */,
			);
			buildRules = (
			);
			dependencies = (
			);
			name = BankeyApp;
			productName = BankeyApp;
			productReference = 1052DDE52784BD050030D971 /* BankeyApp.app */;
			productType = "com.apple.product-type.application";
		};
		10BD2C8E279205B70079BEFE /* BankeyAppUnitTests */ = {
			isa = PBXNativeTarget;
			buildConfigurationList = 10BD2C95279205B70079BEFE /* Build configuration list for PBXNativeTarget "BankeyAppUnitTests" */;
			buildPhases = (
				10BD2C8B279205B70079BEFE /* Sources */,
				10BD2C8C279205B70079BEFE /* Frameworks */,
				10BD2C8D279205B70079BEFE /* Resources */,
			);
			buildRules = (
			);
			dependencies = (
				10BD2C94279205B70079BEFE /* PBXTargetDependency */,
			);
			name = BankeyAppUnitTests;
			productName = BankeyAppUnitTests;
			productReference = 10BD2C8F279205B70079BEFE /* BankeyAppUnitTests.xctest */;
			productType = "com.apple.product-type.bundle.unit-test";
		};
/* End PBXNativeTarget section */

/* Begin PBXProject section */
		1052DDDD2784BD050030D971 /* Project object */ = {
			isa = PBXProject;
			attributes = {
				BuildIndependentTargetsInParallel = 1;
				LastSwiftUpdateCheck = 1320;
				LastUpgradeCheck = 1320;
				TargetAttributes = {
					1052DDE42784BD050030D971 = {
						CreatedOnToolsVersion = 13.2;
					};
					10BD2C8E279205B70079BEFE = {
						CreatedOnToolsVersion = 13.2;
						LastSwiftMigration = 1320;
						TestTargetID = 1052DDE42784BD050030D971;
					};
				};
			};
			buildConfigurationList = 1052DDE02784BD050030D971 /* Build configuration list for PBXProject "BankeyApp" */;
			compatibilityVersion = "Xcode 13.0";
			developmentRegion = en;
			hasScannedForEncodings = 0;
			knownRegions = (
				en,
				Base,
			);
			mainGroup = 1052DDDC2784BD050030D971;
			productRefGroup = 1052DDE62784BD050030D971 /* Products */;
			projectDirPath = "";
			projectRoot = "";
			targets = (
				1052DDE42784BD050030D971 /* BankeyApp */,
				10BD2C8E279205B70079BEFE /* BankeyAppUnitTests */,
			);
		};
/* End PBXProject section */

/* Begin PBXResourcesBuildPhase section */
		1052DDE32784BD050030D971 /* Resources */ = {
			isa = PBXResourcesBuildPhase;
			buildActionMask = 2147483647;
			files = (
				1052DDFF2784BD4B0030D971 /* ReadMe in Resources */,
				101CFACB278F4405000EAB0A /* AccountSummaryHeaderView.xib in Resources */,
				1052DDFD2784BD1E0030D971 /* .gitignore in Resources */,
				1052DDF52784BD060030D971 /* LaunchScreen.storyboard in Resources */,
				1052DDF22784BD060030D971 /* Assets.xcassets in Resources */,
			);
			runOnlyForDeploymentPostprocessing = 0;
		};
		10BD2C8D279205B70079BEFE /* Resources */ = {
			isa = PBXResourcesBuildPhase;
			buildActionMask = 2147483647;
			files = (
			);
			runOnlyForDeploymentPostprocessing = 0;
		};
/* End PBXResourcesBuildPhase section */

/* Begin PBXSourcesBuildPhase section */
		1052DDE12784BD050030D971 /* Sources */ = {
			isa = PBXSourcesBuildPhase;
			buildActionMask = 2147483647;
			files = (
				102740A3278E093E003A16B6 /* UIViewController+Utils.swift in Sources */,
				1052DE032784C1650030D971 /* LoginView.swift in Sources */,
				10426550278A15CE00C29ADB /* LocalState.swift in Sources */,
				10BD2C862791E0150079BEFE /* AccontSummaryCellViewModel.swift in Sources */,
				10BD2C8A2791E9B30079BEFE /* CurrencyFormatter.swift in Sources */,
				101CFAC9278F43D3000EAB0A /* AccountSummaryHeaderView.swift in Sources */,
				1042654D278A0D9F00C29ADB /* DummyViewController.swift in Sources */,
				1052DDED2784BD050030D971 /* LoginViewController.swift in Sources */,
				10BD2C882791E9090079BEFE /* Decimal+Utils.swift in Sources */,
				109FF533278F58F100DE32DE /* AccountSummaryCell.swift in Sources */,
				1025A8172788BFE80012F507 /* OnboardingViewController.swift in Sources */,
				10DA24E62795AABF001BD38D /* UITextField+SecureToggle.swift in Sources */,
				102740A5278E0C01003A16B6 /* MainViewController.swift in Sources */,
				10DA24E42795A319001BD38D /* NSNotificationName.swift in Sources */,
				101CFAC7278F3E0E000EAB0A /* AccountSummaryViewController.swift in Sources */,
				1052DDE92784BD050030D971 /* AppDelegate.swift in Sources */,
				1025A8152788AE7C0012F507 /* OnboardingContainerViewController.swift in Sources */,
			);
			runOnlyForDeploymentPostprocessing = 0;
		};
		10BD2C8B279205B70079BEFE /* Sources */ = {
			isa = PBXSourcesBuildPhase;
			buildActionMask = 2147483647;
			files = (
				10BD2C99279206DB0079BEFE /* CurrencyFormatterTests.swift in Sources */,
			);
			runOnlyForDeploymentPostprocessing = 0;
		};
/* End PBXSourcesBuildPhase section */

/* Begin PBXTargetDependency section */
		10BD2C94279205B70079BEFE /* PBXTargetDependency */ = {
			isa = PBXTargetDependency;
			target = 1052DDE42784BD050030D971 /* BankeyApp */;
			targetProxy = 10BD2C93279205B70079BEFE /* PBXContainerItemProxy */;
		};
/* End PBXTargetDependency section */

/* Begin PBXVariantGroup section */
		1052DDF32784BD060030D971 /* LaunchScreen.storyboard */ = {
			isa = PBXVariantGroup;
			children = (
				1052DDF42784BD060030D971 /* Base */,
			);
			name = LaunchScreen.storyboard;
			sourceTree = "<group>";
		};
/* End PBXVariantGroup section */

/* Begin XCBuildConfiguration section */
		1052DDF72784BD060030D971 /* Debug */ = {
			isa = XCBuildConfiguration;
			buildSettings = {
				ALWAYS_SEARCH_USER_PATHS = NO;
				CLANG_ANALYZER_NONNULL = YES;
				CLANG_ANALYZER_NUMBER_OBJECT_CONVERSION = YES_AGGRESSIVE;
				CLANG_CXX_LANGUAGE_STANDARD = "gnu++17";
				CLANG_CXX_LIBRARY = "libc++";
				CLANG_ENABLE_MODULES = YES;
				CLANG_ENABLE_OBJC_ARC = YES;
				CLANG_ENABLE_OBJC_WEAK = YES;
				CLANG_WARN_BLOCK_CAPTURE_AUTORELEASING = YES;
				CLANG_WARN_BOOL_CONVERSION = YES;
				CLANG_WARN_COMMA = YES;
				CLANG_WARN_CONSTANT_CONVERSION = YES;
				CLANG_WARN_DEPRECATED_OBJC_IMPLEMENTATIONS = YES;
				CLANG_WARN_DIRECT_OBJC_ISA_USAGE = YES_ERROR;
				CLANG_WARN_DOCUMENTATION_COMMENTS = YES;
				CLANG_WARN_EMPTY_BODY = YES;
				CLANG_WARN_ENUM_CONVERSION = YES;
				CLANG_WARN_INFINITE_RECURSION = YES;
				CLANG_WARN_INT_CONVERSION = YES;
				CLANG_WARN_NON_LITERAL_NULL_CONVERSION = YES;
				CLANG_WARN_OBJC_IMPLICIT_RETAIN_SELF = YES;
				CLANG_WARN_OBJC_LITERAL_CONVERSION = YES;
				CLANG_WARN_OBJC_ROOT_CLASS = YES_ERROR;
				CLANG_WARN_QUOTED_INCLUDE_IN_FRAMEWORK_HEADER = YES;
				CLANG_WARN_RANGE_LOOP_ANALYSIS = YES;
				CLANG_WARN_STRICT_PROTOTYPES = YES;
				CLANG_WARN_SUSPICIOUS_MOVE = YES;
				CLANG_WARN_UNGUARDED_AVAILABILITY = YES_AGGRESSIVE;
				CLANG_WARN_UNREACHABLE_CODE = YES;
				CLANG_WARN__DUPLICATE_METHOD_MATCH = YES;
				COPY_PHASE_STRIP = NO;
				DEBUG_INFORMATION_FORMAT = dwarf;
				ENABLE_STRICT_OBJC_MSGSEND = YES;
				ENABLE_TESTABILITY = YES;
				GCC_C_LANGUAGE_STANDARD = gnu11;
				GCC_DYNAMIC_NO_PIC = NO;
				GCC_NO_COMMON_BLOCKS = YES;
				GCC_OPTIMIZATION_LEVEL = 0;
				GCC_PREPROCESSOR_DEFINITIONS = (
					"DEBUG=1",
					"$(inherited)",
				);
				GCC_WARN_64_TO_32_BIT_CONVERSION = YES;
				GCC_WARN_ABOUT_RETURN_TYPE = YES_ERROR;
				GCC_WARN_UNDECLARED_SELECTOR = YES;
				GCC_WARN_UNINITIALIZED_AUTOS = YES_AGGRESSIVE;
				GCC_WARN_UNUSED_FUNCTION = YES;
				GCC_WARN_UNUSED_VARIABLE = YES;
				IPHONEOS_DEPLOYMENT_TARGET = 15.2;
				MTL_ENABLE_DEBUG_INFO = INCLUDE_SOURCE;
				MTL_FAST_MATH = YES;
				ONLY_ACTIVE_ARCH = YES;
				SDKROOT = iphoneos;
				SWIFT_ACTIVE_COMPILATION_CONDITIONS = DEBUG;
				SWIFT_OPTIMIZATION_LEVEL = "-Onone";
			};
			name = Debug;
		};
		1052DDF82784BD060030D971 /* Release */ = {
			isa = XCBuildConfiguration;
			buildSettings = {
				ALWAYS_SEARCH_USER_PATHS = NO;
				CLANG_ANALYZER_NONNULL = YES;
				CLANG_ANALYZER_NUMBER_OBJECT_CONVERSION = YES_AGGRESSIVE;
				CLANG_CXX_LANGUAGE_STANDARD = "gnu++17";
				CLANG_CXX_LIBRARY = "libc++";
				CLANG_ENABLE_MODULES = YES;
				CLANG_ENABLE_OBJC_ARC = YES;
				CLANG_ENABLE_OBJC_WEAK = YES;
				CLANG_WARN_BLOCK_CAPTURE_AUTORELEASING = YES;
				CLANG_WARN_BOOL_CONVERSION = YES;
				CLANG_WARN_COMMA = YES;
				CLANG_WARN_CONSTANT_CONVERSION = YES;
				CLANG_WARN_DEPRECATED_OBJC_IMPLEMENTATIONS = YES;
				CLANG_WARN_DIRECT_OBJC_ISA_USAGE = YES_ERROR;
				CLANG_WARN_DOCUMENTATION_COMMENTS = YES;
				CLANG_WARN_EMPTY_BODY = YES;
				CLANG_WARN_ENUM_CONVERSION = YES;
				CLANG_WARN_INFINITE_RECURSION = YES;
				CLANG_WARN_INT_CONVERSION = YES;
				CLANG_WARN_NON_LITERAL_NULL_CONVERSION = YES;
				CLANG_WARN_OBJC_IMPLICIT_RETAIN_SELF = YES;
				CLANG_WARN_OBJC_LITERAL_CONVERSION = YES;
				CLANG_WARN_OBJC_ROOT_CLASS = YES_ERROR;
				CLANG_WARN_QUOTED_INCLUDE_IN_FRAMEWORK_HEADER = YES;
				CLANG_WARN_RANGE_LOOP_ANALYSIS = YES;
				CLANG_WARN_STRICT_PROTOTYPES = YES;
				CLANG_WARN_SUSPICIOUS_MOVE = YES;
				CLANG_WARN_UNGUARDED_AVAILABILITY = YES_AGGRESSIVE;
				CLANG_WARN_UNREACHABLE_CODE = YES;
				CLANG_WARN__DUPLICATE_METHOD_MATCH = YES;
				COPY_PHASE_STRIP = NO;
				DEBUG_INFORMATION_FORMAT = "dwarf-with-dsym";
				ENABLE_NS_ASSERTIONS = NO;
				ENABLE_STRICT_OBJC_MSGSEND = YES;
				GCC_C_LANGUAGE_STANDARD = gnu11;
				GCC_NO_COMMON_BLOCKS = YES;
				GCC_WARN_64_TO_32_BIT_CONVERSION = YES;
				GCC_WARN_ABOUT_RETURN_TYPE = YES_ERROR;
				GCC_WARN_UNDECLARED_SELECTOR = YES;
				GCC_WARN_UNINITIALIZED_AUTOS = YES_AGGRESSIVE;
				GCC_WARN_UNUSED_FUNCTION = YES;
				GCC_WARN_UNUSED_VARIABLE = YES;
				IPHONEOS_DEPLOYMENT_TARGET = 15.2;
				MTL_ENABLE_DEBUG_INFO = NO;
				MTL_FAST_MATH = YES;
				SDKROOT = iphoneos;
				SWIFT_COMPILATION_MODE = wholemodule;
				SWIFT_OPTIMIZATION_LEVEL = "-O";
				VALIDATE_PRODUCT = YES;
			};
			name = Release;
		};
		1052DDFA2784BD060030D971 /* Debug */ = {
			isa = XCBuildConfiguration;
			buildSettings = {
				ASSETCATALOG_COMPILER_APPICON_NAME = AppIcon;
				ASSETCATALOG_COMPILER_GLOBAL_ACCENT_COLOR_NAME = AccentColor;
				CODE_SIGN_STYLE = Automatic;
				CURRENT_PROJECT_VERSION = 1;
				GENERATE_INFOPLIST_FILE = YES;
				INFOPLIST_FILE = BankeyApp/Files/Info.plist;
				INFOPLIST_KEY_UIApplicationSupportsIndirectInputEvents = YES;
				INFOPLIST_KEY_UILaunchStoryboardName = LaunchScreen;
				INFOPLIST_KEY_UISupportedInterfaceOrientations_iPad = "UIInterfaceOrientationPortrait UIInterfaceOrientationPortraitUpsideDown UIInterfaceOrientationLandscapeLeft UIInterfaceOrientationLandscapeRight";
				INFOPLIST_KEY_UISupportedInterfaceOrientations_iPhone = "UIInterfaceOrientationPortrait UIInterfaceOrientationLandscapeLeft UIInterfaceOrientationLandscapeRight";
				LD_RUNPATH_SEARCH_PATHS = (
					"$(inherited)",
					"@executable_path/Frameworks",
				);
				MARKETING_VERSION = 1.0;
				PRODUCT_BUNDLE_IDENTIFIER = com.myapps.BankeyApp;
				PRODUCT_NAME = "$(TARGET_NAME)";
				SWIFT_EMIT_LOC_STRINGS = YES;
				SWIFT_VERSION = 5.0;
				TARGETED_DEVICE_FAMILY = "1,2";
			};
			name = Debug;
		};
		1052DDFB2784BD060030D971 /* Release */ = {
			isa = XCBuildConfiguration;
			buildSettings = {
				ASSETCATALOG_COMPILER_APPICON_NAME = AppIcon;
				ASSETCATALOG_COMPILER_GLOBAL_ACCENT_COLOR_NAME = AccentColor;
				CODE_SIGN_STYLE = Automatic;
				CURRENT_PROJECT_VERSION = 1;
				GENERATE_INFOPLIST_FILE = YES;
				INFOPLIST_FILE = BankeyApp/Files/Info.plist;
				INFOPLIST_KEY_UIApplicationSupportsIndirectInputEvents = YES;
				INFOPLIST_KEY_UILaunchStoryboardName = LaunchScreen;
				INFOPLIST_KEY_UISupportedInterfaceOrientations_iPad = "UIInterfaceOrientationPortrait UIInterfaceOrientationPortraitUpsideDown UIInterfaceOrientationLandscapeLeft UIInterfaceOrientationLandscapeRight";
				INFOPLIST_KEY_UISupportedInterfaceOrientations_iPhone = "UIInterfaceOrientationPortrait UIInterfaceOrientationLandscapeLeft UIInterfaceOrientationLandscapeRight";
				LD_RUNPATH_SEARCH_PATHS = (
					"$(inherited)",
					"@executable_path/Frameworks",
				);
				MARKETING_VERSION = 1.0;
				PRODUCT_BUNDLE_IDENTIFIER = com.myapps.BankeyApp;
				PRODUCT_NAME = "$(TARGET_NAME)";
				SWIFT_EMIT_LOC_STRINGS = YES;
				SWIFT_VERSION = 5.0;
				TARGETED_DEVICE_FAMILY = "1,2";
			};
			name = Release;
		};
		10BD2C96279205B70079BEFE /* Debug */ = {
			isa = XCBuildConfiguration;
			buildSettings = {
				BUNDLE_LOADER = "$(TEST_HOST)";
				CLANG_ENABLE_MODULES = YES;
				CODE_SIGN_STYLE = Automatic;
				CURRENT_PROJECT_VERSION = 1;
				GENERATE_INFOPLIST_FILE = YES;
				LD_RUNPATH_SEARCH_PATHS = (
					"$(inherited)",
					"@executable_path/Frameworks",
					"@loader_path/Frameworks",
				);
				MARKETING_VERSION = 1.0;
				PRODUCT_BUNDLE_IDENTIFIER = com.myapps.BankeyAppUnitTests;
				PRODUCT_NAME = "$(TARGET_NAME)";
				SWIFT_EMIT_LOC_STRINGS = NO;
				SWIFT_OPTIMIZATION_LEVEL = "-Onone";
				SWIFT_VERSION = 5.0;
				TARGETED_DEVICE_FAMILY = "1,2";
				TEST_HOST = "$(BUILT_PRODUCTS_DIR)/BankeyApp.app/BankeyApp";
			};
			name = Debug;
		};
		10BD2C97279205B70079BEFE /* Release */ = {
			isa = XCBuildConfiguration;
			buildSettings = {
				BUNDLE_LOADER = "$(TEST_HOST)";
				CLANG_ENABLE_MODULES = YES;
				CODE_SIGN_STYLE = Automatic;
				CURRENT_PROJECT_VERSION = 1;
				GENERATE_INFOPLIST_FILE = YES;
				LD_RUNPATH_SEARCH_PATHS = (
					"$(inherited)",
					"@executable_path/Frameworks",
					"@loader_path/Frameworks",
				);
				MARKETING_VERSION = 1.0;
				PRODUCT_BUNDLE_IDENTIFIER = com.myapps.BankeyAppUnitTests;
				PRODUCT_NAME = "$(TARGET_NAME)";
				SWIFT_EMIT_LOC_STRINGS = NO;
				SWIFT_VERSION = 5.0;
				TARGETED_DEVICE_FAMILY = "1,2";
				TEST_HOST = "$(BUILT_PRODUCTS_DIR)/BankeyApp.app/BankeyApp";
			};
			name = Release;
		};
/* End XCBuildConfiguration section */

/* Begin XCConfigurationList section */
		1052DDE02784BD050030D971 /* Build configuration list for PBXProject "BankeyApp" */ = {
			isa = XCConfigurationList;
			buildConfigurations = (
				1052DDF72784BD060030D971 /* Debug */,
				1052DDF82784BD060030D971 /* Release */,
			);
			defaultConfigurationIsVisible = 0;
			defaultConfigurationName = Release;
		};
		1052DDF92784BD060030D971 /* Build configuration list for PBXNativeTarget "BankeyApp" */ = {
			isa = XCConfigurationList;
			buildConfigurations = (
				1052DDFA2784BD060030D971 /* Debug */,
				1052DDFB2784BD060030D971 /* Release */,
			);
			defaultConfigurationIsVisible = 0;
			defaultConfigurationName = Release;
		};
		10BD2C95279205B70079BEFE /* Build configuration list for PBXNativeTarget "BankeyAppUnitTests" */ = {
			isa = XCConfigurationList;
			buildConfigurations = (
				10BD2C96279205B70079BEFE /* Debug */,
				10BD2C97279205B70079BEFE /* Release */,
			);
			defaultConfigurationIsVisible = 0;
			defaultConfigurationName = Release;
		};
/* End XCConfigurationList section */
	};
	rootObject = 1052DDDD2784BD050030D971 /* Project object */;
}
